<?xml version="1.0" encoding="utf-8"?>
<Project ToolsVersion="4.0" xmlns="http://schemas.microsoft.com/developer/msbuild/2003">
  <ItemGroup>
    <Filter Include="Source Files">
      <UniqueIdentifier>{4FC737F1-C7A5-4376-A066-2A32D752A2FF}</UniqueIdentifier>
      <Extensions>cpp;c;cc;cxx;c++;cppm;ixx;def;odl;idl;hpj;bat;asm;asmx</Extensions>
    </Filter>
    <Filter Include="Header Files">
      <UniqueIdentifier>{93995380-89BD-4b04-88EB-625FBE52EBFB}</UniqueIdentifier>
      <Extensions>h;hh;hpp;hxx;h++;hm;inl;inc;ipp;xsd</Extensions>
    </Filter>
    <Filter Include="Resource Files">
      <UniqueIdentifier>{67DA6AB6-F800-4c08-8B7A-83BB121AAD01}</UniqueIdentifier>
      <Extensions>rc;ico;cur;bmp;dlg;rc2;rct;bin;rgs;gif;jpg;jpeg;jpe;resx;tiff;tif;png;wav;mfcribbon-ms</Extensions>
    </Filter>
    <Filter Include="Mario">
      <UniqueIdentifier>{b0b76eed-1601-4cd6-9f48-d5a4c9f719f1}</UniqueIdentifier>
    </Filter>
    <Filter Include="Item">
      <UniqueIdentifier>{d005e576-2e9c-4e61-9d25-4437e4a6b7fc}</UniqueIdentifier>
    </Filter>
    <Filter Include="Effect">
      <UniqueIdentifier>{f999143e-a744-4b1f-9c7f-e17f2d252449}</UniqueIdentifier>
    </Filter>
    <Filter Include="Object">
      <UniqueIdentifier>{657e7d60-1014-4911-9803-19e513c89689}</UniqueIdentifier>
    </Filter>
    <Filter Include="Map">
      <UniqueIdentifier>{04260acd-df32-42e5-8f70-e566280f29fb}</UniqueIdentifier>
    </Filter>
    <Filter Include="Static Object">
      <UniqueIdentifier>{d1778005-ea13-41e7-83bd-721d29409c21}</UniqueIdentifier>
    </Filter>
    <Filter Include="Animation">
      <UniqueIdentifier>{5be29453-0072-48e3-8403-7600e2157c2a}</UniqueIdentifier>
    </Filter>
  </ItemGroup>
  <ItemGroup>
    <None Include="packages.config" />
  </ItemGroup>
  <ItemGroup>
    <ClCompile Include="main.cpp">
      <Filter>Source Files</Filter>
    </ClCompile>
    <ClCompile Include="Collision.cpp">
      <Filter>Source Files</Filter>
    </ClCompile>
    <ClCompile Include="debug.cpp">
      <Filter>Source Files</Filter>
    </ClCompile>
    <ClCompile Include="Game.cpp">
      <Filter>Source Files</Filter>
    </ClCompile>
    <ClCompile Include="GameObject.cpp">
      <Filter>Source Files</Filter>
    </ClCompile>
    <ClCompile Include="SampleKeyEventHandler.cpp">
      <Filter>Source Files</Filter>
    </ClCompile>
    <ClCompile Include="Sprite.cpp">
      <Filter>Source Files</Filter>
    </ClCompile>
    <ClCompile Include="Sprites.cpp">
      <Filter>Source Files</Filter>
    </ClCompile>
    <ClCompile Include="Textures.cpp">
      <Filter>Source Files</Filter>
    </ClCompile>
    <ClCompile Include="PlayScene.cpp">
      <Filter>Source Files</Filter>
    </ClCompile>
    <ClCompile Include="Utils.cpp">
      <Filter>Source Files</Filter>
    </ClCompile>
    <ClCompile Include="Camera.cpp">
      <Filter>Source Files</Filter>
    </ClCompile>
    <ClCompile Include="Mario.cpp">
      <Filter>Mario</Filter>
    </ClCompile>
    <ClCompile Include="Tail.cpp">
      <Filter>Mario</Filter>
    </ClCompile>
    <ClCompile Include="Coin.cpp">
      <Filter>Item</Filter>
    </ClCompile>
    <ClCompile Include="Mushroom.cpp">
      <Filter>Item</Filter>
    </ClCompile>
    <ClCompile Include="BrokenEffect.cpp">
      <Filter>Effect</Filter>
    </ClCompile>
    <ClCompile Include="FirePlant.cpp">
      <Filter>Object</Filter>
    </ClCompile>
    <ClCompile Include="Goomba.cpp">
      <Filter>Object</Filter>
    </ClCompile>
    <ClCompile Include="GoombaRed.cpp">
      <Filter>Object</Filter>
    </ClCompile>
    <ClCompile Include="Koopas.cpp">
      <Filter>Object</Filter>
    </ClCompile>
    <ClCompile Include="KoopasFly.cpp">
      <Filter>Object</Filter>
    </ClCompile>
    <ClCompile Include="KoopasObject.cpp">
      <Filter>Object</Filter>
    </ClCompile>
    <ClCompile Include="Map.cpp">
      <Filter>Map</Filter>
    </ClCompile>
    <ClCompile Include="ColorBox.cpp">
      <Filter>Static Object</Filter>
    </ClCompile>
    <ClCompile Include="Brick.cpp">
      <Filter>Static Object</Filter>
    </ClCompile>
    <ClCompile Include="Pipe.cpp">
      <Filter>Static Object</Filter>
    </ClCompile>
    <ClCompile Include="Platform.cpp">
      <Filter>Static Object</Filter>
    </ClCompile>
    <ClCompile Include="Portal.cpp">
      <Filter>Static Object</Filter>
    </ClCompile>
    <ClCompile Include="QuestionBrick.cpp">
      <Filter>Static Object</Filter>
    </ClCompile>
    <ClCompile Include="Animation.cpp">
      <Filter>Animation</Filter>
    </ClCompile>
    <ClCompile Include="Animations.cpp">
      <Filter>Animation</Filter>
    </ClCompile>
    <ClCompile Include="Pbutton.cpp">
      <Filter>Source Files</Filter>
    </ClCompile>
  </ItemGroup>
  <ItemGroup>
    <ClInclude Include="Collision.h">
      <Filter>Header Files</Filter>
    </ClInclude>
    <ClInclude Include="debug.h">
      <Filter>Header Files</Filter>
    </ClInclude>
    <ClInclude Include="Game.h">
      <Filter>Header Files</Filter>
    </ClInclude>
    <ClInclude Include="GameObject.h">
      <Filter>Header Files</Filter>
    </ClInclude>
    <ClInclude Include="KeyEventHandler.h">
      <Filter>Header Files</Filter>
    </ClInclude>
    <ClInclude Include="SampleKeyEventHandler.h">
      <Filter>Header Files</Filter>
    </ClInclude>
    <ClInclude Include="Sprite.h">
      <Filter>Header Files</Filter>
    </ClInclude>
    <ClInclude Include="Sprites.h">
      <Filter>Header Files</Filter>
    </ClInclude>
    <ClInclude Include="Texture.h">
      <Filter>Header Files</Filter>
    </ClInclude>
    <ClInclude Include="Textures.h">
      <Filter>Header Files</Filter>
    </ClInclude>
    <ClInclude Include="Scene.h">
      <Filter>Header Files</Filter>
    </ClInclude>
    <ClInclude Include="PlayScene.h">
      <Filter>Header Files</Filter>
    </ClInclude>
    <ClInclude Include="Utils.h">
      <Filter>Header Files</Filter>
    </ClInclude>
    <ClInclude Include="Camera.h">
      <Filter>Header Files</Filter>
    </ClInclude>
    <ClInclude Include="Mario.h">
      <Filter>Mario</Filter>
    </ClInclude>
    <ClInclude Include="Tail.h">
      <Filter>Mario</Filter>
    </ClInclude>
    <ClInclude Include="Coin.h">
      <Filter>Item</Filter>
    </ClInclude>
    <ClInclude Include="Mushroom.h">
      <Filter>Item</Filter>
    </ClInclude>
    <ClInclude Include="BrokenEffect.h">
      <Filter>Effect</Filter>
    </ClInclude>
    <ClInclude Include="FirePlant.h">
      <Filter>Object</Filter>
    </ClInclude>
    <ClInclude Include="Goomba.h">
      <Filter>Object</Filter>
    </ClInclude>
    <ClInclude Include="GoombaRed.h">
      <Filter>Object</Filter>
    </ClInclude>
    <ClInclude Include="Koopas.h">
      <Filter>Object</Filter>
    </ClInclude>
    <ClInclude Include="KoopasFly.h">
      <Filter>Object</Filter>
    </ClInclude>
    <ClInclude Include="KoopasObject.h">
      <Filter>Object</Filter>
    </ClInclude>
    <ClInclude Include="Item.h">
      <Filter>Item</Filter>
    </ClInclude>
    <ClInclude Include="Map.h">
      <Filter>Map</Filter>
    </ClInclude>
    <ClInclude Include="QuestionBrick.h">
      <Filter>Static Object</Filter>
    </ClInclude>
    <ClInclude Include="ColorBox.h">
      <Filter>Static Object</Filter>
    </ClInclude>
    <ClInclude Include="Brick.h">
      <Filter>Static Object</Filter>
    </ClInclude>
    <ClInclude Include="Pipe.h">
      <Filter>Static Object</Filter>
    </ClInclude>
    <ClInclude Include="Portal.h">
      <Filter>Static Object</Filter>
    </ClInclude>
    <ClInclude Include="Platform.h">
      <Filter>Static Object</Filter>
    </ClInclude>
    <ClInclude Include="Animation.h">
      <Filter>Animation</Filter>
    </ClInclude>
    <ClInclude Include="AnimationFrame.h">
      <Filter>Animation</Filter>
    </ClInclude>
    <ClInclude Include="Animations.h">
      <Filter>Animation</Filter>
    </ClInclude>
    <ClInclude Include="AssetIDs.h">
      <Filter>Animation</Filter>
    </ClInclude>
    <ClInclude Include="Pbutton.h">
      <Filter>Header Files</Filter>
    </ClInclude>
  </ItemGroup>
  <ItemGroup>
    <Text Include="pipe.txt">
      <Filter>Static Object</Filter>
    </Text>
    <Text Include="fireplant.txt">
      <Filter>Object</Filter>
    </Text>
    <Text Include="pbutton.txt" />
  </ItemGroup>
</Project>